// !$*UTF8*$!
{
	archiveVersion = 1;
	classes = {
	};
	objectVersion = 46;
	objects = {

/* Begin PBXBuildFile section */
		3A6532FC1CDC819A0062D687 /* MGPhotoSelectController.swift in Sources */ = {isa = PBXBuildFile; fileRef = 3A6532FB1CDC819A0062D687 /* MGPhotoSelectController.swift */; settings = {ASSET_TAGS = (); }; };
		3A6533001CDCAB950062D687 /* MGPush_TitleController.swift in Sources */ = {isa = PBXBuildFile; fileRef = 3A6532FF1CDCAB950062D687 /* MGPush_TitleController.swift */; settings = {ASSET_TAGS = (); }; };
		3A6533021CDCABB60062D687 /* MGPush_ScoreController.swift in Sources */ = {isa = PBXBuildFile; fileRef = 3A6533011CDCABB60062D687 /* MGPush_ScoreController.swift */; settings = {ASSET_TAGS = (); }; };
		3A6533041CDCABD50062D687 /* MGPush_CatgoryController.swift in Sources */ = {isa = PBXBuildFile; fileRef = 3A6533031CDCABD50062D687 /* MGPush_CatgoryController.swift */; settings = {ASSET_TAGS = (); }; };
		3A6533061CDCAC190062D687 /* MGPush_CommentController.swift in Sources */ = {isa = PBXBuildFile; fileRef = 3A6533051CDCAC190062D687 /* MGPush_CommentController.swift */; settings = {ASSET_TAGS = (); }; };
		3A78146D1CDC62E7008CB0B3 /* AppDelegate.swift in Sources */ = {isa = PBXBuildFile; fileRef = 3A78146C1CDC62E7008CB0B3 /* AppDelegate.swift */; };
		3A7814751CDC62E7008CB0B3 /* GoodBookDemo.xcdatamodeld in Sources */ = {isa = PBXBuildFile; fileRef = 3A7814731CDC62E7008CB0B3 /* GoodBookDemo.xcdatamodeld */; };
		3A7814771CDC62E7008CB0B3 /* Assets.xcassets in Resources */ = {isa = PBXBuildFile; fileRef = 3A7814761CDC62E7008CB0B3 /* Assets.xcassets */; };
		3A78147A1CDC62E7008CB0B3 /* LaunchScreen.storyboard in Resources */ = {isa = PBXBuildFile; fileRef = 3A7814781CDC62E7008CB0B3 /* LaunchScreen.storyboard */; };
		3A7814841CDC6409008CB0B3 /* config.swift in Sources */ = {isa = PBXBuildFile; fileRef = 3A7814831CDC6409008CB0B3 /* config.swift */; settings = {ASSET_TAGS = (); }; };
		3A7814971CDC6622008CB0B3 /* MGRankViewController.swift in Sources */ = {isa = PBXBuildFile; fileRef = 3A7814961CDC6622008CB0B3 /* MGRankViewController.swift */; settings = {ASSET_TAGS = (); }; };
		3A7814991CDC662D008CB0B3 /* MGSearchViewController.swift in Sources */ = {isa = PBXBuildFile; fileRef = 3A7814981CDC662D008CB0B3 /* MGSearchViewController.swift */; settings = {ASSET_TAGS = (); }; };
		3A78149B1CDC663A008CB0B3 /* MGPushViewController.swift in Sources */ = {isa = PBXBuildFile; fileRef = 3A78149A1CDC663A008CB0B3 /* MGPushViewController.swift */; settings = {ASSET_TAGS = (); }; };
		3A78149D1CDC6648008CB0B3 /* MGMoreViewController.swift in Sources */ = {isa = PBXBuildFile; fileRef = 3A78149C1CDC6648008CB0B3 /* MGMoreViewController.swift */; settings = {ASSET_TAGS = (); }; };
		3A7814A31CDC6692008CB0B3 /* MGCircleViewController.swift in Sources */ = {isa = PBXBuildFile; fileRef = 3A7814A21CDC6692008CB0B3 /* MGCircleViewController.swift */; settings = {ASSET_TAGS = (); }; };
		3A7814A51CDC7187008CB0B3 /* MGNewBookViewController.swift in Sources */ = {isa = PBXBuildFile; fileRef = 3A7814A41CDC7187008CB0B3 /* MGNewBookViewController.swift */; settings = {ASSET_TAGS = (); }; };
		3A7814A71CDC73F8008CB0B3 /* MGBookTitleView.swift in Sources */ = {isa = PBXBuildFile; fileRef = 3A7814A61CDC73F8008CB0B3 /* MGBookTitleView.swift */; settings = {ASSET_TAGS = (); }; };
		3A7814AA1CDC79CB008CB0B3 /* MGFactor.swift in Sources */ = {isa = PBXBuildFile; fileRef = 3A7814A91CDC79CB008CB0B3 /* MGFactor.swift */; settings = {ASSET_TAGS = (); }; };
/* End PBXBuildFile section */

/* Begin PBXFileReference section */
		3A6532FB1CDC819A0062D687 /* MGPhotoSelectController.swift */ = {isa = PBXFileReference; fileEncoding = 4; lastKnownFileType = sourcecode.swift; path = MGPhotoSelectController.swift; sourceTree = "<group>"; };
		3A6532FF1CDCAB950062D687 /* MGPush_TitleController.swift */ = {isa = PBXFileReference; fileEncoding = 4; lastKnownFileType = sourcecode.swift; path = MGPush_TitleController.swift; sourceTree = "<group>"; };
		3A6533011CDCABB60062D687 /* MGPush_ScoreController.swift */ = {isa = PBXFileReference; fileEncoding = 4; lastKnownFileType = sourcecode.swift; path = MGPush_ScoreController.swift; sourceTree = "<group>"; };
		3A6533031CDCABD50062D687 /* MGPush_CatgoryController.swift */ = {isa = PBXFileReference; fileEncoding = 4; lastKnownFileType = sourcecode.swift; path = MGPush_CatgoryController.swift; sourceTree = "<group>"; };
		3A6533051CDCAC190062D687 /* MGPush_CommentController.swift */ = {isa = PBXFileReference; fileEncoding = 4; lastKnownFileType = sourcecode.swift; path = MGPush_CommentController.swift; sourceTree = "<group>"; };
		3A7814691CDC62E7008CB0B3 /* GoodBookDemo.app */ = {isa = PBXFileReference; explicitFileType = wrapper.application; includeInIndex = 0; path = GoodBookDemo.app; sourceTree = BUILT_PRODUCTS_DIR; };
		3A78146C1CDC62E7008CB0B3 /* AppDelegate.swift */ = {isa = PBXFileReference; lastKnownFileType = sourcecode.swift; path = AppDelegate.swift; sourceTree = "<group>"; };
		3A7814741CDC62E7008CB0B3 /* GoodBookDemo.xcdatamodel */ = {isa = PBXFileReference; lastKnownFileType = wrapper.xcdatamodel; path = GoodBookDemo.xcdatamodel; sourceTree = "<group>"; };
		3A7814761CDC62E7008CB0B3 /* Assets.xcassets */ = {isa = PBXFileReference; lastKnownFileType = folder.assetcatalog; path = Assets.xcassets; sourceTree = "<group>"; };
		3A7814791CDC62E7008CB0B3 /* Base */ = {isa = PBXFileReference; lastKnownFileType = file.storyboard; name = Base; path = Base.lproj/LaunchScreen.storyboard; sourceTree = "<group>"; };
		3A78147B1CDC62E7008CB0B3 /* Info.plist */ = {isa = PBXFileReference; lastKnownFileType = text.plist.xml; path = Info.plist; sourceTree = "<group>"; };
		3A7814831CDC6409008CB0B3 /* config.swift */ = {isa = PBXFileReference; fileEncoding = 4; lastKnownFileType = sourcecode.swift; path = config.swift; sourceTree = "<group>"; };
		3A7814851CDC641C008CB0B3 /* bridge.h */ = {isa = PBXFileReference; fileEncoding = 4; lastKnownFileType = sourcecode.c.h; path = bridge.h; sourceTree = "<group>"; };
		3A7814961CDC6622008CB0B3 /* MGRankViewController.swift */ = {isa = PBXFileReference; fileEncoding = 4; lastKnownFileType = sourcecode.swift; path = MGRankViewController.swift; sourceTree = "<group>"; };
		3A7814981CDC662D008CB0B3 /* MGSearchViewController.swift */ = {isa = PBXFileReference; fileEncoding = 4; lastKnownFileType = sourcecode.swift; path = MGSearchViewController.swift; sourceTree = "<group>"; };
		3A78149A1CDC663A008CB0B3 /* MGPushViewController.swift */ = {isa = PBXFileReference; fileEncoding = 4; lastKnownFileType = sourcecode.swift; path = MGPushViewController.swift; sourceTree = "<group>"; };
		3A78149C1CDC6648008CB0B3 /* MGMoreViewController.swift */ = {isa = PBXFileReference; fileEncoding = 4; lastKnownFileType = sourcecode.swift; path = MGMoreViewController.swift; sourceTree = "<group>"; };
		3A7814A21CDC6692008CB0B3 /* MGCircleViewController.swift */ = {isa = PBXFileReference; fileEncoding = 4; lastKnownFileType = sourcecode.swift; path = MGCircleViewController.swift; sourceTree = "<group>"; };
		3A7814A41CDC7187008CB0B3 /* MGNewBookViewController.swift */ = {isa = PBXFileReference; fileEncoding = 4; lastKnownFileType = sourcecode.swift; path = MGNewBookViewController.swift; sourceTree = "<group>"; };
		3A7814A61CDC73F8008CB0B3 /* MGBookTitleView.swift */ = {isa = PBXFileReference; fileEncoding = 4; lastKnownFileType = sourcecode.swift; path = MGBookTitleView.swift; sourceTree = "<group>"; };
		3A7814A91CDC79CB008CB0B3 /* MGFactor.swift */ = {isa = PBXFileReference; fileEncoding = 4; lastKnownFileType = sourcecode.swift; path = MGFactor.swift; sourceTree = "<group>"; };
/* End PBXFileReference section */

/* Begin PBXFrameworksBuildPhase section */
		3A7814661CDC62E7008CB0B3 /* Frameworks */ = {
			isa = PBXFrameworksBuildPhase;
			buildActionMask = 2147483647;
			files = (
			);
			runOnlyForDeploymentPostprocessing = 0;
		};
/* End PBXFrameworksBuildPhase section */

/* Begin PBXGroup section */
		3A6532FD1CDCA3F30062D687 /* O */ = {
			isa = PBXGroup;
			children = (
				3A7814A81CDC7941008CB0B3 /* factor */,
			);
			name = O;
			sourceTree = "<group>";
		};
		3A6532FE1CDCA4110062D687 /* Third */ = {
			isa = PBXGroup;
			children = (
			);
			name = Third;
			sourceTree = "<group>";
		};
		3A7814601CDC62E7008CB0B3 = {
			isa = PBXGroup;
			children = (
				3A78146B1CDC62E7008CB0B3 /* GoodBookDemo */,
				3A78146A1CDC62E7008CB0B3 /* Products */,
			);
			sourceTree = "<group>";
		};
		3A78146A1CDC62E7008CB0B3 /* Products */ = {
			isa = PBXGroup;
			children = (
				3A7814691CDC62E7008CB0B3 /* GoodBookDemo.app */,
			);
			name = Products;
			sourceTree = "<group>";
		};
		3A78146B1CDC62E7008CB0B3 /* GoodBookDemo */ = {
			isa = PBXGroup;
			children = (
				3A6532FE1CDCA4110062D687 /* Third */,
				3A7814891CDC6597008CB0B3 /* More */,
				3A78149E1CDC6663008CB0B3 /* Circle */,
				3A7814881CDC658F008CB0B3 /* Push */,
				3A7814871CDC6565008CB0B3 /* Search */,
				3A7814861CDC655C008CB0B3 /* Rank */,
				3A7814811CDC6341008CB0B3 /* Other */,
				3A78146C1CDC62E7008CB0B3 /* AppDelegate.swift */,
				3A7814761CDC62E7008CB0B3 /* Assets.xcassets */,
				3A7814781CDC62E7008CB0B3 /* LaunchScreen.storyboard */,
				3A78147B1CDC62E7008CB0B3 /* Info.plist */,
				3A7814731CDC62E7008CB0B3 /* GoodBookDemo.xcdatamodeld */,
				3A7814831CDC6409008CB0B3 /* config.swift */,
				3A7814851CDC641C008CB0B3 /* bridge.h */,
			);
			path = GoodBookDemo;
			sourceTree = "<group>";
		};
		3A7814811CDC6341008CB0B3 /* Other */ = {
			isa = PBXGroup;
			children = (
			);
			name = Other;
			sourceTree = "<group>";
		};
		3A7814861CDC655C008CB0B3 /* Rank */ = {
			isa = PBXGroup;
			children = (
				3A78148C1CDC65C1008CB0B3 /* C */,
				3A78148B1CDC65BB008CB0B3 /* V */,
				3A78148A1CDC65B3008CB0B3 /* M */,
			);
			name = Rank;
			sourceTree = "<group>";
		};
		3A7814871CDC6565008CB0B3 /* Search */ = {
			isa = PBXGroup;
			children = (
				3A78148F1CDC65ED008CB0B3 /* C */,
				3A78148E1CDC65E9008CB0B3 /* V */,
				3A78148D1CDC65E3008CB0B3 /* M */,
			);
			name = Search;
			sourceTree = "<group>";
		};
		3A7814881CDC658F008CB0B3 /* Push */ = {
			isa = PBXGroup;
			children = (
				3A7814921CDC65FD008CB0B3 /* C */,
				3A7814911CDC65F9008CB0B3 /* V */,
				3A7814901CDC65F5008CB0B3 /* M */,
				3A6532FD1CDCA3F30062D687 /* O */,
			);
			name = Push;
			sourceTree = "<group>";
		};
		3A7814891CDC6597008CB0B3 /* More */ = {
			isa = PBXGroup;
			children = (
				3A7814951CDC6609008CB0B3 /* C */,
				3A7814941CDC6605008CB0B3 /* V */,
				3A7814931CDC6601008CB0B3 /* M */,
			);
			name = More;
			sourceTree = "<group>";
		};
		3A78148A1CDC65B3008CB0B3 /* M */ = {
			isa = PBXGroup;
			children = (
			);
			name = M;
			sourceTree = "<group>";
		};
		3A78148B1CDC65BB008CB0B3 /* V */ = {
			isa = PBXGroup;
			children = (
			);
			name = V;
			sourceTree = "<group>";
		};
		3A78148C1CDC65C1008CB0B3 /* C */ = {
			isa = PBXGroup;
			children = (
				3A7814961CDC6622008CB0B3 /* MGRankViewController.swift */,
			);
			name = C;
			sourceTree = "<group>";
		};
		3A78148D1CDC65E3008CB0B3 /* M */ = {
			isa = PBXGroup;
			children = (
			);
			name = M;
			sourceTree = "<group>";
		};
		3A78148E1CDC65E9008CB0B3 /* V */ = {
			isa = PBXGroup;
			children = (
			);
			name = V;
			sourceTree = "<group>";
		};
		3A78148F1CDC65ED008CB0B3 /* C */ = {
			isa = PBXGroup;
			children = (
				3A7814981CDC662D008CB0B3 /* MGSearchViewController.swift */,
			);
			name = C;
			sourceTree = "<group>";
		};
		3A7814901CDC65F5008CB0B3 /* M */ = {
			isa = PBXGroup;
			children = (
			);
			name = M;
			sourceTree = "<group>";
		};
		3A7814911CDC65F9008CB0B3 /* V */ = {
			isa = PBXGroup;
			children = (
				3A7814A61CDC73F8008CB0B3 /* MGBookTitleView.swift */,
			);
			name = V;
			sourceTree = "<group>";
		};
		3A7814921CDC65FD008CB0B3 /* C */ = {
			isa = PBXGroup;
			children = (
				3A78149A1CDC663A008CB0B3 /* MGPushViewController.swift */,
				3A7814A41CDC7187008CB0B3 /* MGNewBookViewController.swift */,
				3A6532FB1CDC819A0062D687 /* MGPhotoSelectController.swift */,
				3A6532FF1CDCAB950062D687 /* MGPush_TitleController.swift */,
				3A6533011CDCABB60062D687 /* MGPush_ScoreController.swift */,
				3A6533031CDCABD50062D687 /* MGPush_CatgoryController.swift */,
				3A6533051CDCAC190062D687 /* MGPush_CommentController.swift */,
			);
			name = C;
			sourceTree = "<group>";
		};
		3A7814931CDC6601008CB0B3 /* M */ = {
			isa = PBXGroup;
			children = (
			);
			name = M;
			sourceTree = "<group>";
		};
		3A7814941CDC6605008CB0B3 /* V */ = {
			isa = PBXGroup;
			children = (
			);
			name = V;
			sourceTree = "<group>";
		};
		3A7814951CDC6609008CB0B3 /* C */ = {
			isa = PBXGroup;
			children = (
				3A78149C1CDC6648008CB0B3 /* MGMoreViewController.swift */,
			);
			name = C;
			sourceTree = "<group>";
		};
		3A78149E1CDC6663008CB0B3 /* Circle */ = {
			isa = PBXGroup;
			children = (
				3A7814A11CDC6685008CB0B3 /* C */,
				3A7814A01CDC6678008CB0B3 /* V */,
				3A78149F1CDC6674008CB0B3 /* M */,
			);
			name = Circle;
			sourceTree = "<group>";
		};
		3A78149F1CDC6674008CB0B3 /* M */ = {
			isa = PBXGroup;
			children = (
			);
			name = M;
			sourceTree = "<group>";
		};
		3A7814A01CDC6678008CB0B3 /* V */ = {
			isa = PBXGroup;
			children = (
			);
			name = V;
			sourceTree = "<group>";
		};
		3A7814A11CDC6685008CB0B3 /* C */ = {
			isa = PBXGroup;
			children = (
				3A7814A21CDC6692008CB0B3 /* MGCircleViewController.swift */,
			);
			name = C;
			sourceTree = "<group>";
		};
		3A7814A81CDC7941008CB0B3 /* factor */ = {
			isa = PBXGroup;
			children = (
				3A7814A91CDC79CB008CB0B3 /* MGFactor.swift */,
			);
			name = factor;
			sourceTree = "<group>";
		};
/* End PBXGroup section */

/* Begin PBXNativeTarget section */
		3A7814681CDC62E7008CB0B3 /* GoodBookDemo */ = {
			isa = PBXNativeTarget;
			buildConfigurationList = 3A78147E1CDC62E7008CB0B3 /* Build configuration list for PBXNativeTarget "GoodBookDemo" */;
			buildPhases = (
				3A7814651CDC62E7008CB0B3 /* Sources */,
				3A7814661CDC62E7008CB0B3 /* Frameworks */,
				3A7814671CDC62E7008CB0B3 /* Resources */,
			);
			buildRules = (
			);
			dependencies = (
			);
			name = GoodBookDemo;
			productName = GoodBookDemo;
			productReference = 3A7814691CDC62E7008CB0B3 /* GoodBookDemo.app */;
			productType = "com.apple.product-type.application";
		};
/* End PBXNativeTarget section */

/* Begin PBXProject section */
		3A7814611CDC62E7008CB0B3 /* Project object */ = {
			isa = PBXProject;
			attributes = {
				CLASSPREFIX = MG;
				LastUpgradeCheck = 0700;
				ORGANIZATIONNAME = ming;
				TargetAttributes = {
					3A7814681CDC62E7008CB0B3 = {
						CreatedOnToolsVersion = 7.0;
						DevelopmentTeam = H54L47S422;
					};
				};
			};
			buildConfigurationList = 3A7814641CDC62E7008CB0B3 /* Build configuration list for PBXProject "GoodBookDemo" */;
			compatibilityVersion = "Xcode 3.2";
			developmentRegion = English;
			hasScannedForEncodings = 0;
			knownRegions = (
				en,
				Base,
			);
			mainGroup = 3A7814601CDC62E7008CB0B3;
			productRefGroup = 3A78146A1CDC62E7008CB0B3 /* Products */;
			projectDirPath = "";
			projectRoot = "";
			targets = (
				3A7814681CDC62E7008CB0B3 /* GoodBookDemo */,
			);
		};
/* End PBXProject section */

/* Begin PBXResourcesBuildPhase section */
		3A7814671CDC62E7008CB0B3 /* Resources */ = {
			isa = PBXResourcesBuildPhase;
			buildActionMask = 2147483647;
			files = (
				3A78147A1CDC62E7008CB0B3 /* LaunchScreen.storyboard in Resources */,
				3A7814771CDC62E7008CB0B3 /* Assets.xcassets in Resources */,
			);
			runOnlyForDeploymentPostprocessing = 0;
		};
/* End PBXResourcesBuildPhase section */

/* Begin PBXSourcesBuildPhase section */
		3A7814651CDC62E7008CB0B3 /* Sources */ = {
			isa = PBXSourcesBuildPhase;
			buildActionMask = 2147483647;
			files = (
				3A78149B1CDC663A008CB0B3 /* MGPushViewController.swift in Sources */,
				3A7814841CDC6409008CB0B3 /* config.swift in Sources */,
				3A6533021CDCABB60062D687 /* MGPush_ScoreController.swift in Sources */,
				3A6533061CDCAC190062D687 /* MGPush_CommentController.swift in Sources */,
				3A7814A51CDC7187008CB0B3 /* MGNewBookViewController.swift in Sources */,
				3A7814A31CDC6692008CB0B3 /* MGCircleViewController.swift in Sources */,
				3A78149D1CDC6648008CB0B3 /* MGMoreViewController.swift in Sources */,
				3A7814751CDC62E7008CB0B3 /* GoodBookDemo.xcdatamodeld in Sources */,
				3A7814AA1CDC79CB008CB0B3 /* MGFactor.swift in Sources */,
				3A6533041CDCABD50062D687 /* MGPush_CatgoryController.swift in Sources */,
				3A7814A71CDC73F8008CB0B3 /* MGBookTitleView.swift in Sources */,
				3A6533001CDCAB950062D687 /* MGPush_TitleController.swift in Sources */,
				3A78146D1CDC62E7008CB0B3 /* AppDelegate.swift in Sources */,
				3A7814991CDC662D008CB0B3 /* MGSearchViewController.swift in Sources */,
				3A6532FC1CDC819A0062D687 /* MGPhotoSelectController.swift in Sources */,
				3A7814971CDC6622008CB0B3 /* MGRankViewController.swift in Sources */,
			);
			runOnlyForDeploymentPostprocessing = 0;
		};
/* End PBXSourcesBuildPhase section */

/* Begin PBXVariantGroup section */
		3A7814781CDC62E7008CB0B3 /* LaunchScreen.storyboard */ = {
			isa = PBXVariantGroup;
			children = (
				3A7814791CDC62E7008CB0B3 /* Base */,
			);
			name = LaunchScreen.storyboard;
			sourceTree = "<group>";
		};
/* End PBXVariantGroup section */

/* Begin XCBuildConfiguration section */
		3A78147C1CDC62E7008CB0B3 /* Debug */ = {
			isa = XCBuildConfiguration;
			buildSettings = {
				ALWAYS_SEARCH_USER_PATHS = NO;
				CLANG_CXX_LANGUAGE_STANDARD = "gnu++0x";
				CLANG_CXX_LIBRARY = "libc++";
				CLANG_ENABLE_MODULES = YES;
				CLANG_ENABLE_OBJC_ARC = YES;
				CLANG_WARN_BOOL_CONVERSION = YES;
				CLANG_WARN_CONSTANT_CONVERSION = YES;
				CLANG_WARN_DIRECT_OBJC_ISA_USAGE = YES_ERROR;
				CLANG_WARN_EMPTY_BODY = YES;
				CLANG_WARN_ENUM_CONVERSION = YES;
				CLANG_WARN_INT_CONVERSION = YES;
				CLANG_WARN_OBJC_ROOT_CLASS = YES_ERROR;
				CLANG_WARN_UNREACHABLE_CODE = YES;
				CLANG_WARN__DUPLICATE_METHOD_MATCH = YES;
				"CODE_SIGN_IDENTITY[sdk=iphoneos*]" = "iPhone Developer";
				COPY_PHASE_STRIP = NO;
				DEBUG_INFORMATION_FORMAT = dwarf;
				ENABLE_STRICT_OBJC_MSGSEND = YES;
				ENABLE_TESTABILITY = YES;
				GCC_C_LANGUAGE_STANDARD = gnu99;
				GCC_DYNAMIC_NO_PIC = NO;
				GCC_NO_COMMON_BLOCKS = YES;
				GCC_OPTIMIZATION_LEVEL = 0;
				GCC_PREPROCESSOR_DEFINITIONS = (
					"DEBUG=1",
					"$(inherited)",
				);
				GCC_WARN_64_TO_32_BIT_CONVERSION = YES;
				GCC_WARN_ABOUT_RETURN_TYPE = YES_ERROR;
				GCC_WARN_UNDECLARED_SELECTOR = YES;
				GCC_WARN_UNINITIALIZED_AUTOS = YES_AGGRESSIVE;
				GCC_WARN_UNUSED_FUNCTION = YES;
				GCC_WARN_UNUSED_VARIABLE = YES;
				IPHONEOS_DEPLOYMENT_TARGET = 9.0;
				MTL_ENABLE_DEBUG_INFO = YES;
				ONLY_ACTIVE_ARCH = YES;
				SDKROOT = iphoneos;
				SWIFT_OPTIMIZATION_LEVEL = "-Onone";
			};
			name = Debug;
		};
		3A78147D1CDC62E7008CB0B3 /* Release */ = {
			isa = XCBuildConfiguration;
			buildSettings = {
				ALWAYS_SEARCH_USER_PATHS = NO;
				CLANG_CXX_LANGUAGE_STANDARD = "gnu++0x";
				CLANG_CXX_LIBRARY = "libc++";
				CLANG_ENABLE_MODULES = YES;
				CLANG_ENABLE_OBJC_ARC = YES;
				CLANG_WARN_BOOL_CONVERSION = YES;
				CLANG_WARN_CONSTANT_CONVERSION = YES;
				CLANG_WARN_DIRECT_OBJC_ISA_USAGE = YES_ERROR;
				CLANG_WARN_EMPTY_BODY = YES;
				CLANG_WARN_ENUM_CONVERSION = YES;
				CLANG_WARN_INT_CONVERSION = YES;
				CLANG_WARN_OBJC_ROOT_CLASS = YES_ERROR;
				CLANG_WARN_UNREACHABLE_CODE = YES;
				CLANG_WARN__DUPLICATE_METHOD_MATCH = YES;
				"CODE_SIGN_IDENTITY[sdk=iphoneos*]" = "iPhone Developer";
				COPY_PHASE_STRIP = NO;
				DEBUG_INFORMATION_FORMAT = "dwarf-with-dsym";
				ENABLE_NS_ASSERTIONS = NO;
				ENABLE_STRICT_OBJC_MSGSEND = YES;
				GCC_C_LANGUAGE_STANDARD = gnu99;
				GCC_NO_COMMON_BLOCKS = YES;
				GCC_WARN_64_TO_32_BIT_CONVERSION = YES;
				GCC_WARN_ABOUT_RETURN_TYPE = YES_ERROR;
				GCC_WARN_UNDECLARED_SELECTOR = YES;
				GCC_WARN_UNINITIALIZED_AUTOS = YES_AGGRESSIVE;
				GCC_WARN_UNUSED_FUNCTION = YES;
				GCC_WARN_UNUSED_VARIABLE = YES;
				IPHONEOS_DEPLOYMENT_TARGET = 9.0;
				MTL_ENABLE_DEBUG_INFO = NO;
				SDKROOT = iphoneos;
				VALIDATE_PRODUCT = YES;
			};
			name = Release;
		};
		3A78147F1CDC62E7008CB0B3 /* Debug */ = {
			isa = XCBuildConfiguration;
			buildSettings = {
				ASSETCATALOG_COMPILER_APPICON_NAME = AppIcon;
				INFOPLIST_FILE = GoodBookDemo/Info.plist;
				LD_RUNPATH_SEARCH_PATHS = "$(inherited) @executable_path/Frameworks";
				PRODUCT_BUNDLE_IDENTIFIER = com.ming.GoodBookDemo;
				PRODUCT_NAME = "$(TARGET_NAME)";
				SWIFT_OBJC_BRIDGING_HEADER = GoodBookDemo/bridge.h;
			};
			name = Debug;
		};
		3A7814801CDC62E7008CB0B3 /* Release */ = {
			isa = XCBuildConfiguration;
			buildSettings = {
				ASSETCATALOG_COMPILER_APPICON_NAME = AppIcon;
				INFOPLIST_FILE = GoodBookDemo/Info.plist;
				LD_RUNPATH_SEARCH_PATHS = "$(inherited) @executable_path/Frameworks";
				PRODUCT_BUNDLE_IDENTIFIER = com.ming.GoodBookDemo;
				PRODUCT_NAME = "$(TARGET_NAME)";
				SWIFT_OBJC_BRIDGING_HEADER = GoodBookDemo/bridge.h;
			};
			name = Release;
		};
/* End XCBuildConfiguration section */

/* Begin XCConfigurationList section */
		3A7814641CDC62E7008CB0B3 /* Build configuration list for PBXProject "GoodBookDemo" */ = {
			isa = XCConfigurationList;
			buildConfigurations = (
				3A78147C1CDC62E7008CB0B3 /* Debug */,
				3A78147D1CDC62E7008CB0B3 /* Release */,
			);
			defaultConfigurationIsVisible = 0;
			defaultConfigurationName = Release;
		};
		3A78147E1CDC62E7008CB0B3 /* Build configuration list for PBXNativeTarget "GoodBookDemo" */ = {
			isa = XCConfigurationList;
			buildConfigurations = (
				3A78147F1CDC62E7008CB0B3 /* Debug */,
				3A7814801CDC62E7008CB0B3 /* Release */,
			);
			defaultConfigurationIsVisible = 0;
			defaultConfigurationName = Release;
		};
/* End XCConfigurationList section */

/* Begin XCVersionGroup section */
		3A7814731CDC62E7008CB0B3 /* GoodBookDemo.xcdatamodeld */ = {
			isa = XCVersionGroup;
			children = (
				3A7814741CDC62E7008CB0B3 /* GoodBookDemo.xcdatamodel */,
			);
			currentVersion = 3A7814741CDC62E7008CB0B3 /* GoodBookDemo.xcdatamodel */;
			path = GoodBookDemo.xcdatamodeld;
			sourceTree = "<group>";
			versionGroupType = wrapper.xcdatamodel;
		};
/* End XCVersionGroup section */
	};
	rootObject = 3A7814611CDC62E7008CB0B3 /* Project object */;
}
