// !$*UTF8*$!
{
	archiveVersion = 1;
	classes = {
	};
	objectVersion = 46;
	objects = {

/* Begin PBXBuildFile section */
		3A5A49DB1CDCD25100038572 /* MGCircleViewController.swift in Sources */ = {isa = PBXBuildFile; fileRef = 3A5A49981CDCD25100038572 /* MGCircleViewController.swift */; settings = {ASSET_TAGS = (); }; };
		3A5A49DE1CDCD25100038572 /* MGMoreViewController.swift in Sources */ = {isa = PBXBuildFile; fileRef = 3A5A49A01CDCD25100038572 /* MGMoreViewController.swift */; settings = {ASSET_TAGS = (); }; };
		3A5A49DF1CDCD25100038572 /* MGFactor.swift in Sources */ = {isa = PBXBuildFile; fileRef = 3A5A49A41CDCD25100038572 /* MGFactor.swift */; settings = {ASSET_TAGS = (); }; };
		3A5A49E21CDCD25100038572 /* MGNewBookViewController.swift in Sources */ = {isa = PBXBuildFile; fileRef = 3A5A49AD1CDCD25100038572 /* MGNewBookViewController.swift */; settings = {ASSET_TAGS = (); }; };
		3A5A49E31CDCD25100038572 /* MGPhotoSelectController.swift in Sources */ = {isa = PBXBuildFile; fileRef = 3A5A49AE1CDCD25100038572 /* MGPhotoSelectController.swift */; settings = {ASSET_TAGS = (); }; };
		3A5A49E41CDCD25100038572 /* MGPush_CatgoryController.swift in Sources */ = {isa = PBXBuildFile; fileRef = 3A5A49AF1CDCD25100038572 /* MGPush_CatgoryController.swift */; settings = {ASSET_TAGS = (); }; };
		3A5A49E51CDCD25100038572 /* MGPush_CommentController.swift in Sources */ = {isa = PBXBuildFile; fileRef = 3A5A49B01CDCD25100038572 /* MGPush_CommentController.swift */; settings = {ASSET_TAGS = (); }; };
		3A5A49E61CDCD25100038572 /* MGPush_ScoreController.swift in Sources */ = {isa = PBXBuildFile; fileRef = 3A5A49B11CDCD25100038572 /* MGPush_ScoreController.swift */; settings = {ASSET_TAGS = (); }; };
		3A5A49E71CDCD25100038572 /* MGPush_TitleController.swift in Sources */ = {isa = PBXBuildFile; fileRef = 3A5A49B21CDCD25100038572 /* MGPush_TitleController.swift */; settings = {ASSET_TAGS = (); }; };
		3A5A49E81CDCD25100038572 /* MGRankViewController.swift in Sources */ = {isa = PBXBuildFile; fileRef = 3A5A49B71CDCD25100038572 /* MGRankViewController.swift */; settings = {ASSET_TAGS = (); }; };
		3A5A49E91CDCD25100038572 /* Avatar.png in Resources */ = {isa = PBXBuildFile; fileRef = 3A5A49BC1CDCD25100038572 /* Avatar.png */; settings = {ASSET_TAGS = (); }; };
		3A5A49EA1CDCD25100038572 /* blank.png in Resources */ = {isa = PBXBuildFile; fileRef = 3A5A49BD1CDCD25100038572 /* blank.png */; settings = {ASSET_TAGS = (); }; };
		3A5A49EB1CDCD25100038572 /* Blank2.png in Resources */ = {isa = PBXBuildFile; fileRef = 3A5A49BE1CDCD25100038572 /* Blank2.png */; settings = {ASSET_TAGS = (); }; };
		3A5A49EC1CDCD25100038572 /* Cover.png in Resources */ = {isa = PBXBuildFile; fileRef = 3A5A49BF1CDCD25100038572 /* Cover.png */; settings = {ASSET_TAGS = (); }; };
		3A5A49ED1CDCD25100038572 /* ear1.png in Resources */ = {isa = PBXBuildFile; fileRef = 3A5A49C01CDCD25100038572 /* ear1.png */; settings = {ASSET_TAGS = (); }; };
		3A5A49EE1CDCD25100038572 /* ear2.png in Resources */ = {isa = PBXBuildFile; fileRef = 3A5A49C11CDCD25100038572 /* ear2.png */; settings = {ASSET_TAGS = (); }; };
		3A5A49EF1CDCD25100038572 /* Icon2.png in Resources */ = {isa = PBXBuildFile; fileRef = 3A5A49C21CDCD25100038572 /* Icon2.png */; settings = {ASSET_TAGS = (); }; };
		3A5A49F01CDCD25100038572 /* logn.png in Resources */ = {isa = PBXBuildFile; fileRef = 3A5A49C31CDCD25100038572 /* logn.png */; settings = {ASSET_TAGS = (); }; };
		3A5A49F11CDCD25100038572 /* page1.png in Resources */ = {isa = PBXBuildFile; fileRef = 3A5A49C41CDCD25100038572 /* page1.png */; settings = {ASSET_TAGS = (); }; };
		3A5A49F21CDCD25100038572 /* page2.png in Resources */ = {isa = PBXBuildFile; fileRef = 3A5A49C51CDCD25100038572 /* page2.png */; settings = {ASSET_TAGS = (); }; };
		3A5A49F31CDCD25100038572 /* page3.png in Resources */ = {isa = PBXBuildFile; fileRef = 3A5A49C61CDCD25100038572 /* page3.png */; settings = {ASSET_TAGS = (); }; };
		3A5A49F41CDCD25100038572 /* page4.png in Resources */ = {isa = PBXBuildFile; fileRef = 3A5A49C71CDCD25100038572 /* page4.png */; settings = {ASSET_TAGS = (); }; };
		3A5A49F51CDCD25100038572 /* red_point.png in Resources */ = {isa = PBXBuildFile; fileRef = 3A5A49C81CDCD25100038572 /* red_point.png */; settings = {ASSET_TAGS = (); }; };
		3A5A49F61CDCD25100038572 /* MGSearchViewController.swift in Sources */ = {isa = PBXBuildFile; fileRef = 3A5A49CB1CDCD25100038572 /* MGSearchViewController.swift */; settings = {ASSET_TAGS = (); }; };
		3A5A49F71CDCD25100038572 /* JVFloatLabeledTextField.m in Sources */ = {isa = PBXBuildFile; fileRef = 3A5A49D11CDCD25100038572 /* JVFloatLabeledTextField.m */; settings = {ASSET_TAGS = (); }; };
		3A5A49F81CDCD25100038572 /* JVFloatLabeledTextView.m in Sources */ = {isa = PBXBuildFile; fileRef = 3A5A49D31CDCD25100038572 /* JVFloatLabeledTextView.m */; settings = {ASSET_TAGS = (); }; };
		3A5A49F91CDCD25100038572 /* NSString+TextDirectionality.m in Sources */ = {isa = PBXBuildFile; fileRef = 3A5A49D51CDCD25100038572 /* NSString+TextDirectionality.m */; settings = {ASSET_TAGS = (); }; };
		3A5A49FA1CDCD25100038572 /* btn_star_evaluation_normal.png in Resources */ = {isa = PBXBuildFile; fileRef = 3A5A49D71CDCD25100038572 /* btn_star_evaluation_normal.png */; settings = {ASSET_TAGS = (); }; };
		3A5A49FB1CDCD25100038572 /* btn_star_evaluation_press.png in Resources */ = {isa = PBXBuildFile; fileRef = 3A5A49D81CDCD25100038572 /* btn_star_evaluation_press.png */; settings = {ASSET_TAGS = (); }; };
		3A5A49FC1CDCD25100038572 /* LDXScore.m in Sources */ = {isa = PBXBuildFile; fileRef = 3A5A49DA1CDCD25100038572 /* LDXScore.m */; settings = {ASSET_TAGS = (); }; };
		3A78146D1CDC62E7008CB0B3 /* AppDelegate.swift in Sources */ = {isa = PBXBuildFile; fileRef = 3A78146C1CDC62E7008CB0B3 /* AppDelegate.swift */; };
		3A7814751CDC62E7008CB0B3 /* GoodBookDemo.xcdatamodeld in Sources */ = {isa = PBXBuildFile; fileRef = 3A7814731CDC62E7008CB0B3 /* GoodBookDemo.xcdatamodeld */; };
		3A7814771CDC62E7008CB0B3 /* Assets.xcassets in Resources */ = {isa = PBXBuildFile; fileRef = 3A7814761CDC62E7008CB0B3 /* Assets.xcassets */; };
		3A78147A1CDC62E7008CB0B3 /* LaunchScreen.storyboard in Resources */ = {isa = PBXBuildFile; fileRef = 3A7814781CDC62E7008CB0B3 /* LaunchScreen.storyboard */; };
		3A7814841CDC6409008CB0B3 /* config.swift in Sources */ = {isa = PBXBuildFile; fileRef = 3A7814831CDC6409008CB0B3 /* config.swift */; settings = {ASSET_TAGS = (); }; };
		3A7AD8491CDCDF15004BE6A6 /* MGPushViewController.swift in Sources */ = {isa = PBXBuildFile; fileRef = 3A7AD8451CDCDF15004BE6A6 /* MGPushViewController.swift */; settings = {ASSET_TAGS = (); }; };
		3A7AD84A1CDCDF15004BE6A6 /* MGBookTitleView.swift in Sources */ = {isa = PBXBuildFile; fileRef = 3A7AD8481CDCDF15004BE6A6 /* MGBookTitleView.swift */; settings = {ASSET_TAGS = (); }; };
		3A7AD84C1CDCDF5E004BE6A6 /* 隶变体.ttf in Resources */ = {isa = PBXBuildFile; fileRef = 3A7AD84B1CDCDF5E004BE6A6 /* 隶变体.ttf */; settings = {ASSET_TAGS = (); }; };
		3A7AD8611CDCE532004BE6A6 /* AKSegmentedControl.m in Sources */ = {isa = PBXBuildFile; fileRef = 3A7AD84F1CDCE532004BE6A6 /* AKSegmentedControl.m */; settings = {ASSET_TAGS = (); }; };
		3A7AD8621CDCE532004BE6A6 /* segmented-bg-pressed-center.png in Resources */ = {isa = PBXBuildFile; fileRef = 3A7AD8511CDCE532004BE6A6 /* segmented-bg-pressed-center.png */; settings = {ASSET_TAGS = (); }; };
		3A7AD8631CDCE532004BE6A6 /* segmented-bg-pressed-center@2x.png in Resources */ = {isa = PBXBuildFile; fileRef = 3A7AD8521CDCE532004BE6A6 /* segmented-bg-pressed-center@2x.png */; settings = {ASSET_TAGS = (); }; };
		3A7AD8641CDCE532004BE6A6 /* segmented-bg-pressed-left.png in Resources */ = {isa = PBXBuildFile; fileRef = 3A7AD8531CDCE532004BE6A6 /* segmented-bg-pressed-left.png */; settings = {ASSET_TAGS = (); }; };
		3A7AD8651CDCE532004BE6A6 /* segmented-bg-pressed-left@2x.png in Resources */ = {isa = PBXBuildFile; fileRef = 3A7AD8541CDCE532004BE6A6 /* segmented-bg-pressed-left@2x.png */; settings = {ASSET_TAGS = (); }; };
		3A7AD8661CDCE532004BE6A6 /* segmented-bg-pressed-right.png in Resources */ = {isa = PBXBuildFile; fileRef = 3A7AD8551CDCE532004BE6A6 /* segmented-bg-pressed-right.png */; settings = {ASSET_TAGS = (); }; };
		3A7AD8671CDCE532004BE6A6 /* segmented-bg-pressed-right@2x.png in Resources */ = {isa = PBXBuildFile; fileRef = 3A7AD8561CDCE532004BE6A6 /* segmented-bg-pressed-right@2x.png */; settings = {ASSET_TAGS = (); }; };
		3A7AD8681CDCE532004BE6A6 /* segmented-bg.png in Resources */ = {isa = PBXBuildFile; fileRef = 3A7AD8571CDCE532004BE6A6 /* segmented-bg.png */; settings = {ASSET_TAGS = (); }; };
		3A7AD8691CDCE532004BE6A6 /* segmented-bg@2x.png in Resources */ = {isa = PBXBuildFile; fileRef = 3A7AD8581CDCE532004BE6A6 /* segmented-bg@2x.png */; settings = {ASSET_TAGS = (); }; };
		3A7AD86A1CDCE532004BE6A6 /* segmented-separator.png in Resources */ = {isa = PBXBuildFile; fileRef = 3A7AD8591CDCE532004BE6A6 /* segmented-separator.png */; settings = {ASSET_TAGS = (); }; };
		3A7AD86B1CDCE532004BE6A6 /* segmented-separator@2x.png in Resources */ = {isa = PBXBuildFile; fileRef = 3A7AD85A1CDCE532004BE6A6 /* segmented-separator@2x.png */; settings = {ASSET_TAGS = (); }; };
		3A7AD86C1CDCE532004BE6A6 /* settings-icon.png in Resources */ = {isa = PBXBuildFile; fileRef = 3A7AD85B1CDCE532004BE6A6 /* settings-icon.png */; settings = {ASSET_TAGS = (); }; };
		3A7AD86D1CDCE532004BE6A6 /* settings-icon@2x.png in Resources */ = {isa = PBXBuildFile; fileRef = 3A7AD85C1CDCE532004BE6A6 /* settings-icon@2x.png */; settings = {ASSET_TAGS = (); }; };
		3A7AD86E1CDCE532004BE6A6 /* social-icon.png in Resources */ = {isa = PBXBuildFile; fileRef = 3A7AD85D1CDCE532004BE6A6 /* social-icon.png */; settings = {ASSET_TAGS = (); }; };
		3A7AD86F1CDCE532004BE6A6 /* social-icon@2x.png in Resources */ = {isa = PBXBuildFile; fileRef = 3A7AD85E1CDCE532004BE6A6 /* social-icon@2x.png */; settings = {ASSET_TAGS = (); }; };
		3A7AD8701CDCE532004BE6A6 /* star-icon.png in Resources */ = {isa = PBXBuildFile; fileRef = 3A7AD85F1CDCE532004BE6A6 /* star-icon.png */; settings = {ASSET_TAGS = (); }; };
		3A7AD8711CDCE532004BE6A6 /* star-icon@2x.png in Resources */ = {isa = PBXBuildFile; fileRef = 3A7AD8601CDCE532004BE6A6 /* star-icon@2x.png */; settings = {ASSET_TAGS = (); }; };
		3A7AD8771CDCEC02004BE6A6 /* IGLDropDownItem.m in Sources */ = {isa = PBXBuildFile; fileRef = 3A7AD8741CDCEC02004BE6A6 /* IGLDropDownItem.m */; settings = {ASSET_TAGS = (); }; };
		3A7AD8781CDCEC02004BE6A6 /* IGLDropDownMenu.m in Sources */ = {isa = PBXBuildFile; fileRef = 3A7AD8761CDCEC02004BE6A6 /* IGLDropDownMenu.m */; settings = {ASSET_TAGS = (); }; };
/* End PBXBuildFile section */

/* Begin PBXFileReference section */
		3A5A49981CDCD25100038572 /* MGCircleViewController.swift */ = {isa = PBXFileReference; fileEncoding = 4; lastKnownFileType = sourcecode.swift; path = MGCircleViewController.swift; sourceTree = "<group>"; };
		3A5A49A01CDCD25100038572 /* MGMoreViewController.swift */ = {isa = PBXFileReference; fileEncoding = 4; lastKnownFileType = sourcecode.swift; path = MGMoreViewController.swift; sourceTree = "<group>"; };
		3A5A49A41CDCD25100038572 /* MGFactor.swift */ = {isa = PBXFileReference; fileEncoding = 4; lastKnownFileType = sourcecode.swift; path = MGFactor.swift; sourceTree = "<group>"; };
		3A5A49AD1CDCD25100038572 /* MGNewBookViewController.swift */ = {isa = PBXFileReference; fileEncoding = 4; lastKnownFileType = sourcecode.swift; path = MGNewBookViewController.swift; sourceTree = "<group>"; };
		3A5A49AE1CDCD25100038572 /* MGPhotoSelectController.swift */ = {isa = PBXFileReference; fileEncoding = 4; lastKnownFileType = sourcecode.swift; path = MGPhotoSelectController.swift; sourceTree = "<group>"; };
		3A5A49AF1CDCD25100038572 /* MGPush_CatgoryController.swift */ = {isa = PBXFileReference; fileEncoding = 4; lastKnownFileType = sourcecode.swift; path = MGPush_CatgoryController.swift; sourceTree = "<group>"; };
		3A5A49B01CDCD25100038572 /* MGPush_CommentController.swift */ = {isa = PBXFileReference; fileEncoding = 4; lastKnownFileType = sourcecode.swift; path = MGPush_CommentController.swift; sourceTree = "<group>"; };
		3A5A49B11CDCD25100038572 /* MGPush_ScoreController.swift */ = {isa = PBXFileReference; fileEncoding = 4; lastKnownFileType = sourcecode.swift; path = MGPush_ScoreController.swift; sourceTree = "<group>"; };
		3A5A49B21CDCD25100038572 /* MGPush_TitleController.swift */ = {isa = PBXFileReference; fileEncoding = 4; lastKnownFileType = sourcecode.swift; path = MGPush_TitleController.swift; sourceTree = "<group>"; };
		3A5A49B71CDCD25100038572 /* MGRankViewController.swift */ = {isa = PBXFileReference; fileEncoding = 4; lastKnownFileType = sourcecode.swift; path = MGRankViewController.swift; sourceTree = "<group>"; };
		3A5A49BC1CDCD25100038572 /* Avatar.png */ = {isa = PBXFileReference; lastKnownFileType = image.png; path = Avatar.png; sourceTree = "<group>"; };
		3A5A49BD1CDCD25100038572 /* blank.png */ = {isa = PBXFileReference; lastKnownFileType = image.png; path = blank.png; sourceTree = "<group>"; };
		3A5A49BE1CDCD25100038572 /* Blank2.png */ = {isa = PBXFileReference; lastKnownFileType = image.png; path = Blank2.png; sourceTree = "<group>"; };
		3A5A49BF1CDCD25100038572 /* Cover.png */ = {isa = PBXFileReference; lastKnownFileType = image.png; path = Cover.png; sourceTree = "<group>"; };
		3A5A49C01CDCD25100038572 /* ear1.png */ = {isa = PBXFileReference; lastKnownFileType = image.png; path = ear1.png; sourceTree = "<group>"; };
		3A5A49C11CDCD25100038572 /* ear2.png */ = {isa = PBXFileReference; lastKnownFileType = image.png; path = ear2.png; sourceTree = "<group>"; };
		3A5A49C21CDCD25100038572 /* Icon2.png */ = {isa = PBXFileReference; lastKnownFileType = image.png; path = Icon2.png; sourceTree = "<group>"; };
		3A5A49C31CDCD25100038572 /* logn.png */ = {isa = PBXFileReference; lastKnownFileType = image.png; path = logn.png; sourceTree = "<group>"; };
		3A5A49C41CDCD25100038572 /* page1.png */ = {isa = PBXFileReference; lastKnownFileType = image.png; path = page1.png; sourceTree = "<group>"; };
		3A5A49C51CDCD25100038572 /* page2.png */ = {isa = PBXFileReference; lastKnownFileType = image.png; path = page2.png; sourceTree = "<group>"; };
		3A5A49C61CDCD25100038572 /* page3.png */ = {isa = PBXFileReference; lastKnownFileType = image.png; path = page3.png; sourceTree = "<group>"; };
		3A5A49C71CDCD25100038572 /* page4.png */ = {isa = PBXFileReference; lastKnownFileType = image.png; path = page4.png; sourceTree = "<group>"; };
		3A5A49C81CDCD25100038572 /* red_point.png */ = {isa = PBXFileReference; lastKnownFileType = image.png; path = red_point.png; sourceTree = "<group>"; };
		3A5A49CB1CDCD25100038572 /* MGSearchViewController.swift */ = {isa = PBXFileReference; fileEncoding = 4; lastKnownFileType = sourcecode.swift; path = MGSearchViewController.swift; sourceTree = "<group>"; };
		3A5A49D01CDCD25100038572 /* JVFloatLabeledTextField.h */ = {isa = PBXFileReference; fileEncoding = 4; lastKnownFileType = sourcecode.c.h; path = JVFloatLabeledTextField.h; sourceTree = "<group>"; };
		3A5A49D11CDCD25100038572 /* JVFloatLabeledTextField.m */ = {isa = PBXFileReference; fileEncoding = 4; lastKnownFileType = sourcecode.c.objc; path = JVFloatLabeledTextField.m; sourceTree = "<group>"; };
		3A5A49D21CDCD25100038572 /* JVFloatLabeledTextView.h */ = {isa = PBXFileReference; fileEncoding = 4; lastKnownFileType = sourcecode.c.h; path = JVFloatLabeledTextView.h; sourceTree = "<group>"; };
		3A5A49D31CDCD25100038572 /* JVFloatLabeledTextView.m */ = {isa = PBXFileReference; fileEncoding = 4; lastKnownFileType = sourcecode.c.objc; path = JVFloatLabeledTextView.m; sourceTree = "<group>"; };
		3A5A49D41CDCD25100038572 /* NSString+TextDirectionality.h */ = {isa = PBXFileReference; fileEncoding = 4; lastKnownFileType = sourcecode.c.h; path = "NSString+TextDirectionality.h"; sourceTree = "<group>"; };
		3A5A49D51CDCD25100038572 /* NSString+TextDirectionality.m */ = {isa = PBXFileReference; fileEncoding = 4; lastKnownFileType = sourcecode.c.objc; path = "NSString+TextDirectionality.m"; sourceTree = "<group>"; };
		3A5A49D71CDCD25100038572 /* btn_star_evaluation_normal.png */ = {isa = PBXFileReference; lastKnownFileType = image.png; path = btn_star_evaluation_normal.png; sourceTree = "<group>"; };
		3A5A49D81CDCD25100038572 /* btn_star_evaluation_press.png */ = {isa = PBXFileReference; lastKnownFileType = image.png; path = btn_star_evaluation_press.png; sourceTree = "<group>"; };
		3A5A49D91CDCD25100038572 /* LDXScore.h */ = {isa = PBXFileReference; fileEncoding = 4; lastKnownFileType = sourcecode.c.h; path = LDXScore.h; sourceTree = "<group>"; };
		3A5A49DA1CDCD25100038572 /* LDXScore.m */ = {isa = PBXFileReference; fileEncoding = 4; lastKnownFileType = sourcecode.c.objc; path = LDXScore.m; sourceTree = "<group>"; };
		3A7814691CDC62E7008CB0B3 /* GoodBookDemo.app */ = {isa = PBXFileReference; explicitFileType = wrapper.application; includeInIndex = 0; path = GoodBookDemo.app; sourceTree = BUILT_PRODUCTS_DIR; };
		3A78146C1CDC62E7008CB0B3 /* AppDelegate.swift */ = {isa = PBXFileReference; lastKnownFileType = sourcecode.swift; path = AppDelegate.swift; sourceTree = "<group>"; };
		3A7814741CDC62E7008CB0B3 /* GoodBookDemo.xcdatamodel */ = {isa = PBXFileReference; lastKnownFileType = wrapper.xcdatamodel; path = GoodBookDemo.xcdatamodel; sourceTree = "<group>"; };
		3A7814761CDC62E7008CB0B3 /* Assets.xcassets */ = {isa = PBXFileReference; lastKnownFileType = folder.assetcatalog; path = Assets.xcassets; sourceTree = "<group>"; };
		3A7814791CDC62E7008CB0B3 /* Base */ = {isa = PBXFileReference; lastKnownFileType = file.storyboard; name = Base; path = Base.lproj/LaunchScreen.storyboard; sourceTree = "<group>"; };
		3A78147B1CDC62E7008CB0B3 /* Info.plist */ = {isa = PBXFileReference; lastKnownFileType = text.plist.xml; path = Info.plist; sourceTree = "<group>"; };
		3A7814831CDC6409008CB0B3 /* config.swift */ = {isa = PBXFileReference; fileEncoding = 4; lastKnownFileType = sourcecode.swift; path = config.swift; sourceTree = "<group>"; };
		3A7814851CDC641C008CB0B3 /* bridge.h */ = {isa = PBXFileReference; fileEncoding = 4; lastKnownFileType = sourcecode.c.h; path = bridge.h; sourceTree = "<group>"; };
		3A7AD8451CDCDF15004BE6A6 /* MGPushViewController.swift */ = {isa = PBXFileReference; fileEncoding = 4; lastKnownFileType = sourcecode.swift; path = MGPushViewController.swift; sourceTree = "<group>"; };
		3A7AD8481CDCDF15004BE6A6 /* MGBookTitleView.swift */ = {isa = PBXFileReference; fileEncoding = 4; lastKnownFileType = sourcecode.swift; path = MGBookTitleView.swift; sourceTree = "<group>"; };
		3A7AD84B1CDCDF5E004BE6A6 /* 隶变体.ttf */ = {isa = PBXFileReference; lastKnownFileType = file; path = "隶变体.ttf"; sourceTree = "<group>"; };
		3A7AD84E1CDCE532004BE6A6 /* AKSegmentedControl.h */ = {isa = PBXFileReference; fileEncoding = 4; lastKnownFileType = sourcecode.c.h; path = AKSegmentedControl.h; sourceTree = "<group>"; };
		3A7AD84F1CDCE532004BE6A6 /* AKSegmentedControl.m */ = {isa = PBXFileReference; fileEncoding = 4; lastKnownFileType = sourcecode.c.objc; path = AKSegmentedControl.m; sourceTree = "<group>"; };
		3A7AD8511CDCE532004BE6A6 /* segmented-bg-pressed-center.png */ = {isa = PBXFileReference; lastKnownFileType = image.png; path = "segmented-bg-pressed-center.png"; sourceTree = "<group>"; };
		3A7AD8521CDCE532004BE6A6 /* segmented-bg-pressed-center@2x.png */ = {isa = PBXFileReference; lastKnownFileType = image.png; path = "segmented-bg-pressed-center@2x.png"; sourceTree = "<group>"; };
		3A7AD8531CDCE532004BE6A6 /* segmented-bg-pressed-left.png */ = {isa = PBXFileReference; lastKnownFileType = image.png; path = "segmented-bg-pressed-left.png"; sourceTree = "<group>"; };
		3A7AD8541CDCE532004BE6A6 /* segmented-bg-pressed-left@2x.png */ = {isa = PBXFileReference; lastKnownFileType = image.png; path = "segmented-bg-pressed-left@2x.png"; sourceTree = "<group>"; };
		3A7AD8551CDCE532004BE6A6 /* segmented-bg-pressed-right.png */ = {isa = PBXFileReference; lastKnownFileType = image.png; path = "segmented-bg-pressed-right.png"; sourceTree = "<group>"; };
		3A7AD8561CDCE532004BE6A6 /* segmented-bg-pressed-right@2x.png */ = {isa = PBXFileReference; lastKnownFileType = image.png; path = "segmented-bg-pressed-right@2x.png"; sourceTree = "<group>"; };
		3A7AD8571CDCE532004BE6A6 /* segmented-bg.png */ = {isa = PBXFileReference; lastKnownFileType = image.png; path = "segmented-bg.png"; sourceTree = "<group>"; };
		3A7AD8581CDCE532004BE6A6 /* segmented-bg@2x.png */ = {isa = PBXFileReference; lastKnownFileType = image.png; path = "segmented-bg@2x.png"; sourceTree = "<group>"; };
		3A7AD8591CDCE532004BE6A6 /* segmented-separator.png */ = {isa = PBXFileReference; lastKnownFileType = image.png; path = "segmented-separator.png"; sourceTree = "<group>"; };
		3A7AD85A1CDCE532004BE6A6 /* segmented-separator@2x.png */ = {isa = PBXFileReference; lastKnownFileType = image.png; path = "segmented-separator@2x.png"; sourceTree = "<group>"; };
		3A7AD85B1CDCE532004BE6A6 /* settings-icon.png */ = {isa = PBXFileReference; lastKnownFileType = image.png; path = "settings-icon.png"; sourceTree = "<group>"; };
		3A7AD85C1CDCE532004BE6A6 /* settings-icon@2x.png */ = {isa = PBXFileReference; lastKnownFileType = image.png; path = "settings-icon@2x.png"; sourceTree = "<group>"; };
		3A7AD85D1CDCE532004BE6A6 /* social-icon.png */ = {isa = PBXFileReference; lastKnownFileType = image.png; path = "social-icon.png"; sourceTree = "<group>"; };
		3A7AD85E1CDCE532004BE6A6 /* social-icon@2x.png */ = {isa = PBXFileReference; lastKnownFileType = image.png; path = "social-icon@2x.png"; sourceTree = "<group>"; };
		3A7AD85F1CDCE532004BE6A6 /* star-icon.png */ = {isa = PBXFileReference; lastKnownFileType = image.png; path = "star-icon.png"; sourceTree = "<group>"; };
		3A7AD8601CDCE532004BE6A6 /* star-icon@2x.png */ = {isa = PBXFileReference; lastKnownFileType = image.png; path = "star-icon@2x.png"; sourceTree = "<group>"; };
		3A7AD8731CDCEC02004BE6A6 /* IGLDropDownItem.h */ = {isa = PBXFileReference; fileEncoding = 4; lastKnownFileType = sourcecode.c.h; path = IGLDropDownItem.h; sourceTree = "<group>"; };
		3A7AD8741CDCEC02004BE6A6 /* IGLDropDownItem.m */ = {isa = PBXFileReference; fileEncoding = 4; lastKnownFileType = sourcecode.c.objc; path = IGLDropDownItem.m; sourceTree = "<group>"; };
		3A7AD8751CDCEC02004BE6A6 /* IGLDropDownMenu.h */ = {isa = PBXFileReference; fileEncoding = 4; lastKnownFileType = sourcecode.c.h; path = IGLDropDownMenu.h; sourceTree = "<group>"; };
		3A7AD8761CDCEC02004BE6A6 /* IGLDropDownMenu.m */ = {isa = PBXFileReference; fileEncoding = 4; lastKnownFileType = sourcecode.c.objc; path = IGLDropDownMenu.m; sourceTree = "<group>"; };
/* End PBXFileReference section */

/* Begin PBXFrameworksBuildPhase section */
		3A7814661CDC62E7008CB0B3 /* Frameworks */ = {
			isa = PBXFrameworksBuildPhase;
			buildActionMask = 2147483647;
			files = (
			);
			runOnlyForDeploymentPostprocessing = 0;
		};
/* End PBXFrameworksBuildPhase section */

/* Begin PBXGroup section */
		3A5A49961CDCD25100038572 /* Circle */ = {
			isa = PBXGroup;
			children = (
				3A5A49971CDCD25100038572 /* C */,
				3A5A499A1CDCD25100038572 /* M */,
				3A5A499B1CDCD25100038572 /* V */,
			);
			path = Circle;
			sourceTree = "<group>";
		};
		3A5A49971CDCD25100038572 /* C */ = {
			isa = PBXGroup;
			children = (
				3A5A49981CDCD25100038572 /* MGCircleViewController.swift */,
			);
			path = C;
			sourceTree = "<group>";
		};
		3A5A499A1CDCD25100038572 /* M */ = {
			isa = PBXGroup;
			children = (
			);
			path = M;
			sourceTree = "<group>";
		};
		3A5A499B1CDCD25100038572 /* V */ = {
			isa = PBXGroup;
			children = (
			);
			path = V;
			sourceTree = "<group>";
		};
		3A5A499D1CDCD25100038572 /* Framework */ = {
			isa = PBXGroup;
			children = (
			);
			path = Framework;
			sourceTree = "<group>";
		};
		3A5A499E1CDCD25100038572 /* More */ = {
			isa = PBXGroup;
			children = (
				3A5A499F1CDCD25100038572 /* C */,
				3A5A49A11CDCD25100038572 /* M */,
				3A5A49A21CDCD25100038572 /* V */,
			);
			path = More;
			sourceTree = "<group>";
		};
		3A5A499F1CDCD25100038572 /* C */ = {
			isa = PBXGroup;
			children = (
				3A5A49A01CDCD25100038572 /* MGMoreViewController.swift */,
			);
			path = C;
			sourceTree = "<group>";
		};
		3A5A49A11CDCD25100038572 /* M */ = {
			isa = PBXGroup;
			children = (
			);
			path = M;
			sourceTree = "<group>";
		};
		3A5A49A21CDCD25100038572 /* V */ = {
			isa = PBXGroup;
			children = (
			);
			path = V;
			sourceTree = "<group>";
		};
		3A5A49A31CDCD25100038572 /* Other */ = {
			isa = PBXGroup;
			children = (
				3A5A49A41CDCD25100038572 /* MGFactor.swift */,
			);
			path = Other;
			sourceTree = "<group>";
		};
		3A5A49AB1CDCD25100038572 /* PushNewBook */ = {
			isa = PBXGroup;
			children = (
				3A5A49AC1CDCD25100038572 /* C */,
				3A5A49B31CDCD25100038572 /* M */,
				3A5A49B41CDCD25100038572 /* V */,
			);
			path = PushNewBook;
			sourceTree = "<group>";
		};
		3A5A49AC1CDCD25100038572 /* C */ = {
			isa = PBXGroup;
			children = (
				3A5A49AD1CDCD25100038572 /* MGNewBookViewController.swift */,
				3A5A49AE1CDCD25100038572 /* MGPhotoSelectController.swift */,
				3A5A49B21CDCD25100038572 /* MGPush_TitleController.swift */,
				3A5A49B11CDCD25100038572 /* MGPush_ScoreController.swift */,
				3A5A49AF1CDCD25100038572 /* MGPush_CatgoryController.swift */,
				3A5A49B01CDCD25100038572 /* MGPush_CommentController.swift */,
			);
			path = C;
			sourceTree = "<group>";
		};
		3A5A49B31CDCD25100038572 /* M */ = {
			isa = PBXGroup;
			children = (
			);
			path = M;
			sourceTree = "<group>";
		};
		3A5A49B41CDCD25100038572 /* V */ = {
			isa = PBXGroup;
			children = (
			);
			path = V;
			sourceTree = "<group>";
		};
		3A5A49B51CDCD25100038572 /* Rank */ = {
			isa = PBXGroup;
			children = (
				3A5A49B61CDCD25100038572 /* C */,
				3A5A49B81CDCD25100038572 /* M */,
				3A5A49B91CDCD25100038572 /* V */,
			);
			path = Rank;
			sourceTree = "<group>";
		};
		3A5A49B61CDCD25100038572 /* C */ = {
			isa = PBXGroup;
			children = (
				3A5A49B71CDCD25100038572 /* MGRankViewController.swift */,
			);
			path = C;
			sourceTree = "<group>";
		};
		3A5A49B81CDCD25100038572 /* M */ = {
			isa = PBXGroup;
			children = (
			);
			path = M;
			sourceTree = "<group>";
		};
		3A5A49B91CDCD25100038572 /* V */ = {
			isa = PBXGroup;
			children = (
			);
			path = V;
			sourceTree = "<group>";
		};
		3A5A49BA1CDCD25100038572 /* Resource */ = {
			isa = PBXGroup;
			children = (
				3A7AD84B1CDCDF5E004BE6A6 /* 隶变体.ttf */,
				3A5A49BB1CDCD25100038572 /* Image */,
			);
			path = Resource;
			sourceTree = "<group>";
		};
		3A5A49BB1CDCD25100038572 /* Image */ = {
			isa = PBXGroup;
			children = (
				3A5A49BC1CDCD25100038572 /* Avatar.png */,
				3A5A49BD1CDCD25100038572 /* blank.png */,
				3A5A49BE1CDCD25100038572 /* Blank2.png */,
				3A5A49BF1CDCD25100038572 /* Cover.png */,
				3A5A49C01CDCD25100038572 /* ear1.png */,
				3A5A49C11CDCD25100038572 /* ear2.png */,
				3A5A49C21CDCD25100038572 /* Icon2.png */,
				3A5A49C31CDCD25100038572 /* logn.png */,
				3A5A49C41CDCD25100038572 /* page1.png */,
				3A5A49C51CDCD25100038572 /* page2.png */,
				3A5A49C61CDCD25100038572 /* page3.png */,
				3A5A49C71CDCD25100038572 /* page4.png */,
				3A5A49C81CDCD25100038572 /* red_point.png */,
			);
			path = Image;
			sourceTree = "<group>";
		};
		3A5A49C91CDCD25100038572 /* Search */ = {
			isa = PBXGroup;
			children = (
				3A5A49CA1CDCD25100038572 /* C */,
				3A5A49CC1CDCD25100038572 /* M */,
				3A5A49CD1CDCD25100038572 /* V */,
			);
			path = Search;
			sourceTree = "<group>";
		};
		3A5A49CA1CDCD25100038572 /* C */ = {
			isa = PBXGroup;
			children = (
				3A5A49CB1CDCD25100038572 /* MGSearchViewController.swift */,
			);
			path = C;
			sourceTree = "<group>";
		};
		3A5A49CC1CDCD25100038572 /* M */ = {
			isa = PBXGroup;
			children = (
			);
			path = M;
			sourceTree = "<group>";
		};
		3A5A49CD1CDCD25100038572 /* V */ = {
			isa = PBXGroup;
			children = (
			);
			path = V;
			sourceTree = "<group>";
		};
		3A5A49CE1CDCD25100038572 /* Third */ = {
			isa = PBXGroup;
			children = (
				3A7AD8721CDCEC02004BE6A6 /* IGLDropDownMenu */,
				3A7AD84D1CDCE532004BE6A6 /* AKSegmentedControl */,
				3A5A49CF1CDCD25100038572 /* JVFloatLabeledTextField */,
				3A5A49D61CDCD25100038572 /* LDXScore */,
			);
			path = Third;
			sourceTree = "<group>";
		};
		3A5A49CF1CDCD25100038572 /* JVFloatLabeledTextField */ = {
			isa = PBXGroup;
			children = (
				3A5A49D01CDCD25100038572 /* JVFloatLabeledTextField.h */,
				3A5A49D11CDCD25100038572 /* JVFloatLabeledTextField.m */,
				3A5A49D21CDCD25100038572 /* JVFloatLabeledTextView.h */,
				3A5A49D31CDCD25100038572 /* JVFloatLabeledTextView.m */,
				3A5A49D41CDCD25100038572 /* NSString+TextDirectionality.h */,
				3A5A49D51CDCD25100038572 /* NSString+TextDirectionality.m */,
			);
			path = JVFloatLabeledTextField;
			sourceTree = "<group>";
		};
		3A5A49D61CDCD25100038572 /* LDXScore */ = {
			isa = PBXGroup;
			children = (
				3A5A49D71CDCD25100038572 /* btn_star_evaluation_normal.png */,
				3A5A49D81CDCD25100038572 /* btn_star_evaluation_press.png */,
				3A5A49D91CDCD25100038572 /* LDXScore.h */,
				3A5A49DA1CDCD25100038572 /* LDXScore.m */,
			);
			path = LDXScore;
			sourceTree = "<group>";
		};
		3A7814601CDC62E7008CB0B3 = {
			isa = PBXGroup;
			children = (
				3A78146B1CDC62E7008CB0B3 /* GoodBookDemo */,
				3A78146A1CDC62E7008CB0B3 /* Products */,
			);
			sourceTree = "<group>";
		};
		3A78146A1CDC62E7008CB0B3 /* Products */ = {
			isa = PBXGroup;
			children = (
				3A7814691CDC62E7008CB0B3 /* GoodBookDemo.app */,
			);
			name = Products;
			sourceTree = "<group>";
		};
		3A78146B1CDC62E7008CB0B3 /* GoodBookDemo */ = {
			isa = PBXGroup;
			children = (
				3A5A499D1CDCD25100038572 /* Framework */,
				3A5A49CE1CDCD25100038572 /* Third */,
				3A5A49BA1CDCD25100038572 /* Resource */,
				3A5A49B51CDCD25100038572 /* Rank */,
				3A5A49C91CDCD25100038572 /* Search */,
				3A7AD8431CDCDF15004BE6A6 /* PUSH */,
				3A5A49AB1CDCD25100038572 /* PushNewBook */,
				3A5A49961CDCD25100038572 /* Circle */,
				3A5A499E1CDCD25100038572 /* More */,
				3A5A49A31CDCD25100038572 /* Other */,
				3A78146C1CDC62E7008CB0B3 /* AppDelegate.swift */,
				3A7814831CDC6409008CB0B3 /* config.swift */,
				3A7814851CDC641C008CB0B3 /* bridge.h */,
				3A7814761CDC62E7008CB0B3 /* Assets.xcassets */,
				3A7814781CDC62E7008CB0B3 /* LaunchScreen.storyboard */,
				3A78147B1CDC62E7008CB0B3 /* Info.plist */,
				3A7814731CDC62E7008CB0B3 /* GoodBookDemo.xcdatamodeld */,
			);
			path = GoodBookDemo;
			sourceTree = "<group>";
		};
		3A7AD8431CDCDF15004BE6A6 /* PUSH */ = {
			isa = PBXGroup;
			children = (
				3A7AD8441CDCDF15004BE6A6 /* C */,
				3A7AD8461CDCDF15004BE6A6 /* M */,
				3A7AD8471CDCDF15004BE6A6 /* V */,
			);
			path = PUSH;
			sourceTree = "<group>";
		};
		3A7AD8441CDCDF15004BE6A6 /* C */ = {
			isa = PBXGroup;
			children = (
				3A7AD8451CDCDF15004BE6A6 /* MGPushViewController.swift */,
			);
			path = C;
			sourceTree = "<group>";
		};
		3A7AD8461CDCDF15004BE6A6 /* M */ = {
			isa = PBXGroup;
			children = (
			);
			path = M;
			sourceTree = "<group>";
		};
		3A7AD8471CDCDF15004BE6A6 /* V */ = {
			isa = PBXGroup;
			children = (
				3A7AD8481CDCDF15004BE6A6 /* MGBookTitleView.swift */,
			);
			path = V;
			sourceTree = "<group>";
		};
		3A7AD84D1CDCE532004BE6A6 /* AKSegmentedControl */ = {
			isa = PBXGroup;
			children = (
				3A7AD84E1CDCE532004BE6A6 /* AKSegmentedControl.h */,
				3A7AD84F1CDCE532004BE6A6 /* AKSegmentedControl.m */,
				3A7AD8501CDCE532004BE6A6 /* images */,
			);
			path = AKSegmentedControl;
			sourceTree = "<group>";
		};
		3A7AD8501CDCE532004BE6A6 /* images */ = {
			isa = PBXGroup;
			children = (
				3A7AD8511CDCE532004BE6A6 /* segmented-bg-pressed-center.png */,
				3A7AD8521CDCE532004BE6A6 /* segmented-bg-pressed-center@2x.png */,
				3A7AD8531CDCE532004BE6A6 /* segmented-bg-pressed-left.png */,
				3A7AD8541CDCE532004BE6A6 /* segmented-bg-pressed-left@2x.png */,
				3A7AD8551CDCE532004BE6A6 /* segmented-bg-pressed-right.png */,
				3A7AD8561CDCE532004BE6A6 /* segmented-bg-pressed-right@2x.png */,
				3A7AD8571CDCE532004BE6A6 /* segmented-bg.png */,
				3A7AD8581CDCE532004BE6A6 /* segmented-bg@2x.png */,
				3A7AD8591CDCE532004BE6A6 /* segmented-separator.png */,
				3A7AD85A1CDCE532004BE6A6 /* segmented-separator@2x.png */,
				3A7AD85B1CDCE532004BE6A6 /* settings-icon.png */,
				3A7AD85C1CDCE532004BE6A6 /* settings-icon@2x.png */,
				3A7AD85D1CDCE532004BE6A6 /* social-icon.png */,
				3A7AD85E1CDCE532004BE6A6 /* social-icon@2x.png */,
				3A7AD85F1CDCE532004BE6A6 /* star-icon.png */,
				3A7AD8601CDCE532004BE6A6 /* star-icon@2x.png */,
			);
			path = images;
			sourceTree = "<group>";
		};
		3A7AD8721CDCEC02004BE6A6 /* IGLDropDownMenu */ = {
			isa = PBXGroup;
			children = (
				3A7AD8731CDCEC02004BE6A6 /* IGLDropDownItem.h */,
				3A7AD8741CDCEC02004BE6A6 /* IGLDropDownItem.m */,
				3A7AD8751CDCEC02004BE6A6 /* IGLDropDownMenu.h */,
				3A7AD8761CDCEC02004BE6A6 /* IGLDropDownMenu.m */,
			);
			path = IGLDropDownMenu;
			sourceTree = "<group>";
		};
/* End PBXGroup section */

/* Begin PBXNativeTarget section */
		3A7814681CDC62E7008CB0B3 /* GoodBookDemo */ = {
			isa = PBXNativeTarget;
			buildConfigurationList = 3A78147E1CDC62E7008CB0B3 /* Build configuration list for PBXNativeTarget "GoodBookDemo" */;
			buildPhases = (
				3A7814651CDC62E7008CB0B3 /* Sources */,
				3A7814661CDC62E7008CB0B3 /* Frameworks */,
				3A7814671CDC62E7008CB0B3 /* Resources */,
			);
			buildRules = (
			);
			dependencies = (
			);
			name = GoodBookDemo;
			productName = GoodBookDemo;
			productReference = 3A7814691CDC62E7008CB0B3 /* GoodBookDemo.app */;
			productType = "com.apple.product-type.application";
		};
/* End PBXNativeTarget section */

/* Begin PBXProject section */
		3A7814611CDC62E7008CB0B3 /* Project object */ = {
			isa = PBXProject;
			attributes = {
				CLASSPREFIX = MG;
				LastUpgradeCheck = 0700;
				ORGANIZATIONNAME = ming;
				TargetAttributes = {
					3A7814681CDC62E7008CB0B3 = {
						CreatedOnToolsVersion = 7.0;
						DevelopmentTeam = H54L47S422;
					};
				};
			};
			buildConfigurationList = 3A7814641CDC62E7008CB0B3 /* Build configuration list for PBXProject "GoodBookDemo" */;
			compatibilityVersion = "Xcode 3.2";
			developmentRegion = English;
			hasScannedForEncodings = 0;
			knownRegions = (
				en,
				Base,
			);
			mainGroup = 3A7814601CDC62E7008CB0B3;
			productRefGroup = 3A78146A1CDC62E7008CB0B3 /* Products */;
			projectDirPath = "";
			projectRoot = "";
			targets = (
				3A7814681CDC62E7008CB0B3 /* GoodBookDemo */,
			);
		};
/* End PBXProject section */

/* Begin PBXResourcesBuildPhase section */
		3A7814671CDC62E7008CB0B3 /* Resources */ = {
			isa = PBXResourcesBuildPhase;
			buildActionMask = 2147483647;
			files = (
				3A7AD86F1CDCE532004BE6A6 /* social-icon@2x.png in Resources */,
				3A5A49EA1CDCD25100038572 /* blank.png in Resources */,
				3A5A49F01CDCD25100038572 /* logn.png in Resources */,
				3A5A49EC1CDCD25100038572 /* Cover.png in Resources */,
				3A7AD8701CDCE532004BE6A6 /* star-icon.png in Resources */,
				3A5A49F41CDCD25100038572 /* page4.png in Resources */,
				3A5A49F11CDCD25100038572 /* page1.png in Resources */,
				3A5A49F51CDCD25100038572 /* red_point.png in Resources */,
				3A7AD8691CDCE532004BE6A6 /* segmented-bg@2x.png in Resources */,
				3A7AD8681CDCE532004BE6A6 /* segmented-bg.png in Resources */,
				3A5A49FB1CDCD25100038572 /* btn_star_evaluation_press.png in Resources */,
				3A78147A1CDC62E7008CB0B3 /* LaunchScreen.storyboard in Resources */,
				3A5A49E91CDCD25100038572 /* Avatar.png in Resources */,
				3A7AD8661CDCE532004BE6A6 /* segmented-bg-pressed-right.png in Resources */,
				3A7AD8671CDCE532004BE6A6 /* segmented-bg-pressed-right@2x.png in Resources */,
				3A7AD8641CDCE532004BE6A6 /* segmented-bg-pressed-left.png in Resources */,
				3A7AD86E1CDCE532004BE6A6 /* social-icon.png in Resources */,
				3A7AD8711CDCE532004BE6A6 /* star-icon@2x.png in Resources */,
				3A5A49F31CDCD25100038572 /* page3.png in Resources */,
				3A5A49ED1CDCD25100038572 /* ear1.png in Resources */,
				3A7AD8651CDCE532004BE6A6 /* segmented-bg-pressed-left@2x.png in Resources */,
				3A7AD86B1CDCE532004BE6A6 /* segmented-separator@2x.png in Resources */,
				3A7AD8621CDCE532004BE6A6 /* segmented-bg-pressed-center.png in Resources */,
				3A7AD86C1CDCE532004BE6A6 /* settings-icon.png in Resources */,
				3A7AD86D1CDCE532004BE6A6 /* settings-icon@2x.png in Resources */,
				3A5A49EE1CDCD25100038572 /* ear2.png in Resources */,
				3A7AD84C1CDCDF5E004BE6A6 /* 隶变体.ttf in Resources */,
				3A5A49EF1CDCD25100038572 /* Icon2.png in Resources */,
				3A5A49EB1CDCD25100038572 /* Blank2.png in Resources */,
				3A5A49FA1CDCD25100038572 /* btn_star_evaluation_normal.png in Resources */,
				3A7AD86A1CDCE532004BE6A6 /* segmented-separator.png in Resources */,
				3A7814771CDC62E7008CB0B3 /* Assets.xcassets in Resources */,
				3A7AD8631CDCE532004BE6A6 /* segmented-bg-pressed-center@2x.png in Resources */,
				3A5A49F21CDCD25100038572 /* page2.png in Resources */,
			);
			runOnlyForDeploymentPostprocessing = 0;
		};
/* End PBXResourcesBuildPhase section */

/* Begin PBXSourcesBuildPhase section */
		3A7814651CDC62E7008CB0B3 /* Sources */ = {
			isa = PBXSourcesBuildPhase;
			buildActionMask = 2147483647;
			files = (
				3A5A49E71CDCD25100038572 /* MGPush_TitleController.swift in Sources */,
				3A5A49DB1CDCD25100038572 /* MGCircleViewController.swift in Sources */,
				3A5A49F91CDCD25100038572 /* NSString+TextDirectionality.m in Sources */,
				3A7AD8611CDCE532004BE6A6 /* AKSegmentedControl.m in Sources */,
				3A7814841CDC6409008CB0B3 /* config.swift in Sources */,
				3A5A49E61CDCD25100038572 /* MGPush_ScoreController.swift in Sources */,
				3A5A49E21CDCD25100038572 /* MGNewBookViewController.swift in Sources */,
				3A5A49F71CDCD25100038572 /* JVFloatLabeledTextField.m in Sources */,
				3A7814751CDC62E7008CB0B3 /* GoodBookDemo.xcdatamodeld in Sources */,
				3A5A49DF1CDCD25100038572 /* MGFactor.swift in Sources */,
				3A7AD8771CDCEC02004BE6A6 /* IGLDropDownItem.m in Sources */,
				3A5A49F61CDCD25100038572 /* MGSearchViewController.swift in Sources */,
				3A5A49DE1CDCD25100038572 /* MGMoreViewController.swift in Sources */,
				3A5A49F81CDCD25100038572 /* JVFloatLabeledTextView.m in Sources */,
				3A7AD8781CDCEC02004BE6A6 /* IGLDropDownMenu.m in Sources */,
				3A5A49E41CDCD25100038572 /* MGPush_CatgoryController.swift in Sources */,
				3A5A49E51CDCD25100038572 /* MGPush_CommentController.swift in Sources */,
				3A7AD8491CDCDF15004BE6A6 /* MGPushViewController.swift in Sources */,
				3A5A49E31CDCD25100038572 /* MGPhotoSelectController.swift in Sources */,
				3A7AD84A1CDCDF15004BE6A6 /* MGBookTitleView.swift in Sources */,
				3A78146D1CDC62E7008CB0B3 /* AppDelegate.swift in Sources */,
				3A5A49E81CDCD25100038572 /* MGRankViewController.swift in Sources */,
				3A5A49FC1CDCD25100038572 /* LDXScore.m in Sources */,
			);
			runOnlyForDeploymentPostprocessing = 0;
		};
/* End PBXSourcesBuildPhase section */

/* Begin PBXVariantGroup section */
		3A7814781CDC62E7008CB0B3 /* LaunchScreen.storyboard */ = {
			isa = PBXVariantGroup;
			children = (
				3A7814791CDC62E7008CB0B3 /* Base */,
			);
			name = LaunchScreen.storyboard;
			sourceTree = "<group>";
		};
/* End PBXVariantGroup section */

/* Begin XCBuildConfiguration section */
		3A78147C1CDC62E7008CB0B3 /* Debug */ = {
			isa = XCBuildConfiguration;
			buildSettings = {
				ALWAYS_SEARCH_USER_PATHS = NO;
				CLANG_CXX_LANGUAGE_STANDARD = "gnu++0x";
				CLANG_CXX_LIBRARY = "libc++";
				CLANG_ENABLE_MODULES = YES;
				CLANG_ENABLE_OBJC_ARC = YES;
				CLANG_WARN_BOOL_CONVERSION = YES;
				CLANG_WARN_CONSTANT_CONVERSION = YES;
				CLANG_WARN_DIRECT_OBJC_ISA_USAGE = YES_ERROR;
				CLANG_WARN_EMPTY_BODY = YES;
				CLANG_WARN_ENUM_CONVERSION = YES;
				CLANG_WARN_INT_CONVERSION = YES;
				CLANG_WARN_OBJC_ROOT_CLASS = YES_ERROR;
				CLANG_WARN_UNREACHABLE_CODE = YES;
				CLANG_WARN__DUPLICATE_METHOD_MATCH = YES;
				"CODE_SIGN_IDENTITY[sdk=iphoneos*]" = "iPhone Developer";
				COPY_PHASE_STRIP = NO;
				DEBUG_INFORMATION_FORMAT = dwarf;
				ENABLE_STRICT_OBJC_MSGSEND = YES;
				ENABLE_TESTABILITY = YES;
				GCC_C_LANGUAGE_STANDARD = gnu99;
				GCC_DYNAMIC_NO_PIC = NO;
				GCC_NO_COMMON_BLOCKS = YES;
				GCC_OPTIMIZATION_LEVEL = 0;
				GCC_PREPROCESSOR_DEFINITIONS = (
					"DEBUG=1",
					"$(inherited)",
				);
				GCC_WARN_64_TO_32_BIT_CONVERSION = YES;
				GCC_WARN_ABOUT_RETURN_TYPE = YES_ERROR;
				GCC_WARN_UNDECLARED_SELECTOR = YES;
				GCC_WARN_UNINITIALIZED_AUTOS = YES_AGGRESSIVE;
				GCC_WARN_UNUSED_FUNCTION = YES;
				GCC_WARN_UNUSED_VARIABLE = YES;
				IPHONEOS_DEPLOYMENT_TARGET = 9.0;
				MTL_ENABLE_DEBUG_INFO = YES;
				ONLY_ACTIVE_ARCH = YES;
				SDKROOT = iphoneos;
				SWIFT_OPTIMIZATION_LEVEL = "-Onone";
			};
			name = Debug;
		};
		3A78147D1CDC62E7008CB0B3 /* Release */ = {
			isa = XCBuildConfiguration;
			buildSettings = {
				ALWAYS_SEARCH_USER_PATHS = NO;
				CLANG_CXX_LANGUAGE_STANDARD = "gnu++0x";
				CLANG_CXX_LIBRARY = "libc++";
				CLANG_ENABLE_MODULES = YES;
				CLANG_ENABLE_OBJC_ARC = YES;
				CLANG_WARN_BOOL_CONVERSION = YES;
				CLANG_WARN_CONSTANT_CONVERSION = YES;
				CLANG_WARN_DIRECT_OBJC_ISA_USAGE = YES_ERROR;
				CLANG_WARN_EMPTY_BODY = YES;
				CLANG_WARN_ENUM_CONVERSION = YES;
				CLANG_WARN_INT_CONVERSION = YES;
				CLANG_WARN_OBJC_ROOT_CLASS = YES_ERROR;
				CLANG_WARN_UNREACHABLE_CODE = YES;
				CLANG_WARN__DUPLICATE_METHOD_MATCH = YES;
				"CODE_SIGN_IDENTITY[sdk=iphoneos*]" = "iPhone Developer";
				COPY_PHASE_STRIP = NO;
				DEBUG_INFORMATION_FORMAT = "dwarf-with-dsym";
				ENABLE_NS_ASSERTIONS = NO;
				ENABLE_STRICT_OBJC_MSGSEND = YES;
				GCC_C_LANGUAGE_STANDARD = gnu99;
				GCC_NO_COMMON_BLOCKS = YES;
				GCC_WARN_64_TO_32_BIT_CONVERSION = YES;
				GCC_WARN_ABOUT_RETURN_TYPE = YES_ERROR;
				GCC_WARN_UNDECLARED_SELECTOR = YES;
				GCC_WARN_UNINITIALIZED_AUTOS = YES_AGGRESSIVE;
				GCC_WARN_UNUSED_FUNCTION = YES;
				GCC_WARN_UNUSED_VARIABLE = YES;
				IPHONEOS_DEPLOYMENT_TARGET = 9.0;
				MTL_ENABLE_DEBUG_INFO = NO;
				SDKROOT = iphoneos;
				VALIDATE_PRODUCT = YES;
			};
			name = Release;
		};
		3A78147F1CDC62E7008CB0B3 /* Debug */ = {
			isa = XCBuildConfiguration;
			buildSettings = {
				ASSETCATALOG_COMPILER_APPICON_NAME = AppIcon;
				INFOPLIST_FILE = GoodBookDemo/Info.plist;
				IPHONEOS_DEPLOYMENT_TARGET = 8.3;
				LD_RUNPATH_SEARCH_PATHS = "$(inherited) @executable_path/Frameworks";
				PRODUCT_BUNDLE_IDENTIFIER = com.ming.GoodBookDemo;
				PRODUCT_NAME = "$(TARGET_NAME)";
				SWIFT_OBJC_BRIDGING_HEADER = GoodBookDemo/bridge.h;
			};
			name = Debug;
		};
		3A7814801CDC62E7008CB0B3 /* Release */ = {
			isa = XCBuildConfiguration;
			buildSettings = {
				ASSETCATALOG_COMPILER_APPICON_NAME = AppIcon;
				INFOPLIST_FILE = GoodBookDemo/Info.plist;
				IPHONEOS_DEPLOYMENT_TARGET = 8.3;
				LD_RUNPATH_SEARCH_PATHS = "$(inherited) @executable_path/Frameworks";
				PRODUCT_BUNDLE_IDENTIFIER = com.ming.GoodBookDemo;
				PRODUCT_NAME = "$(TARGET_NAME)";
				SWIFT_OBJC_BRIDGING_HEADER = GoodBookDemo/bridge.h;
			};
			name = Release;
		};
/* End XCBuildConfiguration section */

/* Begin XCConfigurationList section */
		3A7814641CDC62E7008CB0B3 /* Build configuration list for PBXProject "GoodBookDemo" */ = {
			isa = XCConfigurationList;
			buildConfigurations = (
				3A78147C1CDC62E7008CB0B3 /* Debug */,
				3A78147D1CDC62E7008CB0B3 /* Release */,
			);
			defaultConfigurationIsVisible = 0;
			defaultConfigurationName = Release;
		};
		3A78147E1CDC62E7008CB0B3 /* Build configuration list for PBXNativeTarget "GoodBookDemo" */ = {
			isa = XCConfigurationList;
			buildConfigurations = (
				3A78147F1CDC62E7008CB0B3 /* Debug */,
				3A7814801CDC62E7008CB0B3 /* Release */,
			);
			defaultConfigurationIsVisible = 0;
			defaultConfigurationName = Release;
		};
/* End XCConfigurationList section */

/* Begin XCVersionGroup section */
		3A7814731CDC62E7008CB0B3 /* GoodBookDemo.xcdatamodeld */ = {
			isa = XCVersionGroup;
			children = (
				3A7814741CDC62E7008CB0B3 /* GoodBookDemo.xcdatamodel */,
			);
			currentVersion = 3A7814741CDC62E7008CB0B3 /* GoodBookDemo.xcdatamodel */;
			path = GoodBookDemo.xcdatamodeld;
			sourceTree = "<group>";
			versionGroupType = wrapper.xcdatamodel;
		};
/* End XCVersionGroup section */
	};
	rootObject = 3A7814611CDC62E7008CB0B3 /* Project object */;
}
